
Microsoft Visual Studio Solution File, Format Version 12.00
# Visual Studio 14
VisualStudioVersion = 14.0.25420.1
MinimumVisualStudioVersion = 10.0.40219.1
Project("{8BC9CEB8-8B4A-11D0-8D11-00A0C91BC942}") = "Solution_2105_디저트카페", "Solution_2105_디저트카페\Solution_2105_디저트카페.vcxproj", "{0508458C-2A7F-499B-9697-986732BB8744}"
EndProject
Global
	GlobalSection(SolutionConfigurationPlatforms) = preSolution
		Debug|x64 = Debug|x64
		Debug|x86 = Debug|x86
		Release|x64 = Release|x64
		Release|x86 = Release|x86
	EndGlobalSection
	GlobalSection(ProjectConfigurationPlatforms) = postSolution
		{0508458C-2A7F-499B-9697-986732BB8744}.Debug|x64.ActiveCfg = Debug|x64
		{0508458C-2A7F-499B-9697-986732BB8744}.Debug|x64.Build.0 = Debug|x64
		{0508458C-2A7F-499B-9697-986732BB8744}.Debug|x86.ActiveCfg = Debug|Win32
		{0508458C-2A7F-499B-9697-986732BB8744}.Debug|x86.Build.0 = Debug|Win32
		{0508458C-2A7F-499B-9697-986732BB8744}.Release|x64.ActiveCfg = Release|x64
		{0508458C-2A7F-499B-9697-986732BB8744}.Release|x64.Build.0 = Release|x64
		{0508458C-2A7F-499B-9697-986732BB8744}.Release|x86.ActiveCfg = Release|Win32
		{0508458C-2A7F-499B-9697-986732BB8744}.Release|x86.Build.0 = Release|Win32
	EndGlobalSection
	GlobalSection(SolutionProperties) = preSolution
		HideSolutionNode = FALSE
	EndGlobalSection
EndGlobal
